
Microsoft Visual Studio Solution File, Format Version 12.00
# Visual Studio Version 17
VisualStudioVersion = 17.13.35825.156 d17.13
MinimumVisualStudioVersion = 10.0.40219.1
Project("{FAE04EC0-301F-11D3-BF4B-00C04F79EFBC}") = "PomodoroWpf", "PomodoroWpf.csproj", "{349EB122-B3B0-195D-80CC-E917CE782FAA}"
EndProject
Global
	GlobalSection(SolutionConfigurationPlatforms) = preSolution
		Debug|Any CPU = Debug|Any CPU
		Release|Any CPU = Release|Any CPU
	EndGlobalSection
	GlobalSection(ProjectConfigurationPlatforms) = postSolution
		{349EB122-B3B0-195D-80CC-E917CE782FAA}.Debug|Any CPU.ActiveCfg = Debug|Any CPU
		{349EB122-B3B0-195D-80CC-E917CE782FAA}.Debug|Any CPU.Build.0 = Debug|Any CPU
		{349EB122-B3B0-195D-80CC-E917CE782FAA}.Release|Any CPU.ActiveCfg = Release|Any CPU
		{349EB122-B3B0-195D-80CC-E917CE782FAA}.Release|Any CPU.Build.0 = Release|Any CPU
	EndGlobalSection
	GlobalSection(SolutionProperties) = preSolution
		HideSolutionNode = FALSE
	EndGlobalSection
	GlobalSection(ExtensibilityGlobals) = postSolution
		SolutionGuid = {C2796095-10C1-4A9F-88DF-48D00601ECBA}
	EndGlobalSection
EndGlobal
